
Microsoft Visual Studio Solution File, Format Version 12.00
# Visual Studio Version 17
VisualStudioVersion = 17.14.36310.24 d17.14
MinimumVisualStudioVersion = 10.0.40219.1
Project("{FAE04EC0-301F-11D3-BF4B-00C04F79EFBC}") = "sms", "sms\sms.csproj", "{B070ABB2-41A8-4FBB-8D84-373CD2F55387}"
EndProject
Global
	GlobalSection(SolutionConfigurationPlatforms) = preSolution
		Debug|Any CPU = Debug|Any CPU
		Release|Any CPU = Release|Any CPU
	EndGlobalSection
	GlobalSection(ProjectConfigurationPlatforms) = postSolution
		{B070ABB2-41A8-4FBB-8D84-373CD2F55387}.Debug|Any CPU.ActiveCfg = Debug|Any CPU
		{B070ABB2-41A8-4FBB-8D84-373CD2F55387}.Debug|Any CPU.Build.0 = Debug|Any CPU
		{B070ABB2-41A8-4FBB-8D84-373CD2F55387}.Release|Any CPU.ActiveCfg = Release|Any CPU
		{B070ABB2-41A8-4FBB-8D84-373CD2F55387}.Release|Any CPU.Build.0 = Release|Any CPU
	EndGlobalSection
	GlobalSection(SolutionProperties) = preSolution
		HideSolutionNode = FALSE
	EndGlobalSection
	GlobalSection(ExtensibilityGlobals) = postSolution
		SolutionGuid = {F30E9450-19B8-4E87-BCE1-0362AA7F6496}
	EndGlobalSection
EndGlobal
